
Microsoft Visual Studio Solution File, Format Version 12.00
# Visual Studio 15
Project("{FAE04EC0-301F-11D3-BF4B-00C04F79EFBC}") = "Assembly-CSharp", "Assembly-CSharp.csproj", "{7DBDDED3-A879-D3B0-D6C7-2F2D877974CE}"
EndProject
Project("{FAE04EC0-301F-11D3-BF4B-00C04F79EFBC}") = "Assembly-CSharp-Editor", "Assembly-CSharp-Editor.csproj", "{14D05F6F-F923-18F9-D966-B170D5D5679A}"
EndProject
Global
	GlobalSection(SolutionConfigurationPlatforms) = preSolution
		Debug|Any CPU = Debug|Any CPU
		Release|Any CPU = Release|Any CPU
	EndGlobalSection
	GlobalSection(ProjectConfigurationPlatforms) = postSolution
		{7DBDDED3-A879-D3B0-D6C7-2F2D877974CE}.Debug|Any CPU.ActiveCfg = Debug|Any CPU
		{7DBDDED3-A879-D3B0-D6C7-2F2D877974CE}.Debug|Any CPU.Build.0 = Debug|Any CPU
		{7DBDDED3-A879-D3B0-D6C7-2F2D877974CE}.Release|Any CPU.ActiveCfg = Release|Any CPU
		{7DBDDED3-A879-D3B0-D6C7-2F2D877974CE}.Release|Any CPU.Build.0 = Release|Any CPU
		{14D05F6F-F923-18F9-D966-B170D5D5679A}.Debug|Any CPU.ActiveCfg = Debug|Any CPU
		{14D05F6F-F923-18F9-D966-B170D5D5679A}.Debug|Any CPU.Build.0 = Debug|Any CPU
		{14D05F6F-F923-18F9-D966-B170D5D5679A}.Release|Any CPU.ActiveCfg = Release|Any CPU
		{14D05F6F-F923-18F9-D966-B170D5D5679A}.Release|Any CPU.Build.0 = Release|Any CPU
	EndGlobalSection
	GlobalSection(SolutionProperties) = preSolution
		HideSolutionNode = FALSE
	EndGlobalSection
EndGlobal
